
Microsoft Visual Studio Solution File, Format Version 12.00
# Visual Studio Version 16
VisualStudioVersion = 16.0.30128.74
MinimumVisualStudioVersion = 10.0.40219.1
Project("{FAE04EC0-301F-11D3-BF4B-00C04F79EFBC}") = "DiscordAnnouncer", "DiscordAnnouncer.csproj", "{E53EF65C-51E7-4B4A-A587-B39F43ED3172}"
EndProject
Global
	GlobalSection(SolutionConfigurationPlatforms) = preSolution
		Debug|Any CPU = Debug|Any CPU
		Release|Any CPU = Release|Any CPU
	EndGlobalSection
	GlobalSection(ProjectConfigurationPlatforms) = postSolution
		{E53EF65C-51E7-4B4A-A587-B39F43ED3172}.Debug|Any CPU.ActiveCfg = Debug|Any CPU
		{E53EF65C-51E7-4B4A-A587-B39F43ED3172}.Debug|Any CPU.Build.0 = Debug|Any CPU
		{E53EF65C-51E7-4B4A-A587-B39F43ED3172}.Release|Any CPU.ActiveCfg = Release|Any CPU
		{E53EF65C-51E7-4B4A-A587-B39F43ED3172}.Release|Any CPU.Build.0 = Release|Any CPU
	EndGlobalSection
	GlobalSection(SolutionProperties) = preSolution
		HideSolutionNode = FALSE
	EndGlobalSection
	GlobalSection(ExtensibilityGlobals) = postSolution
		SolutionGuid = {8D1F03EE-24FD-4C99-988A-5A04C500CDAB}
	EndGlobalSection
EndGlobal
